
Microsoft Visual Studio Solution File, Format Version 12.00
# Visual Studio Version 16
VisualStudioVersion = 16.0.810.23
MinimumVisualStudioVersion = 10.0.40219.1
Project("{FAE04EC0-301F-11D3-BF4B-00C04F79EFBC}") = "homework", "homework\homework.csproj", "{0C615161-F703-4955-BB29-28CD957D0DAB}"
EndProject
Global
	GlobalSection(SolutionConfigurationPlatforms) = preSolution
		Debug|Any CPU = Debug|Any CPU
		Release|Any CPU = Release|Any CPU
	EndGlobalSection
	GlobalSection(ProjectConfigurationPlatforms) = postSolution
		{0C615161-F703-4955-BB29-28CD957D0DAB}.Debug|Any CPU.ActiveCfg = Debug|Any CPU
		{0C615161-F703-4955-BB29-28CD957D0DAB}.Debug|Any CPU.Build.0 = Debug|Any CPU
		{0C615161-F703-4955-BB29-28CD957D0DAB}.Release|Any CPU.ActiveCfg = Release|Any CPU
		{0C615161-F703-4955-BB29-28CD957D0DAB}.Release|Any CPU.Build.0 = Release|Any CPU
	EndGlobalSection
	GlobalSection(SolutionProperties) = preSolution
		HideSolutionNode = FALSE
	EndGlobalSection
	GlobalSection(ExtensibilityGlobals) = postSolution
		SolutionGuid = {C4C4A999-D0D3-4B30-9A99-1367769320D4}
	EndGlobalSection
EndGlobal
