
Microsoft Visual Studio Solution File, Format Version 12.00
# Visual Studio Version 16
VisualStudioVersion = 16.0.810.23
MinimumVisualStudioVersion = 10.0.40219.1
Project("{FAE04EC0-301F-11D3-BF4B-00C04F79EFBC}") = "homework2", "homework2\homework2.csproj", "{4A32727E-0C5E-449E-85CD-C91D3208B069}"
EndProject
Global
	GlobalSection(SolutionConfigurationPlatforms) = preSolution
		Debug|Any CPU = Debug|Any CPU
		Release|Any CPU = Release|Any CPU
	EndGlobalSection
	GlobalSection(ProjectConfigurationPlatforms) = postSolution
		{4A32727E-0C5E-449E-85CD-C91D3208B069}.Debug|Any CPU.ActiveCfg = Debug|Any CPU
		{4A32727E-0C5E-449E-85CD-C91D3208B069}.Debug|Any CPU.Build.0 = Debug|Any CPU
		{4A32727E-0C5E-449E-85CD-C91D3208B069}.Release|Any CPU.ActiveCfg = Release|Any CPU
		{4A32727E-0C5E-449E-85CD-C91D3208B069}.Release|Any CPU.Build.0 = Release|Any CPU
	EndGlobalSection
	GlobalSection(SolutionProperties) = preSolution
		HideSolutionNode = FALSE
	EndGlobalSection
	GlobalSection(ExtensibilityGlobals) = postSolution
		SolutionGuid = {4C802C35-E1B1-438B-901F-C65357C76BEE}
	EndGlobalSection
EndGlobal
